
Microsoft Visual Studio Solution File, Format Version 12.00
# Visual Studio Version 17
VisualStudioVersion = 17.13.35931.197
MinimumVisualStudioVersion = 10.0.40219.1
Project("{FAE04EC0-301F-11D3-BF4B-00C04F79EFBC}") = "CLDV6212_POE_ST10435542", "CLDV6212_POE_ST10435542\CLDV6212_POE_ST10435542.csproj", "{D316C7ED-D492-44ED-BFFE-506CADB284C3}"
EndProject
Project("{FAE04EC0-301F-11D3-BF4B-00C04F79EFBC}") = "CLDV6212POE_Functions", "CLDV6212POE_Functions\CLDV6212POE_Functions.csproj", "{44069DC0-E67A-4372-B096-1AEBDE84A626}"
EndProject
Global
	GlobalSection(SolutionConfigurationPlatforms) = preSolution
		Debug|Any CPU = Debug|Any CPU
		Release|Any CPU = Release|Any CPU
	EndGlobalSection
	GlobalSection(ProjectConfigurationPlatforms) = postSolution
		{D316C7ED-D492-44ED-BFFE-506CADB284C3}.Debug|Any CPU.ActiveCfg = Debug|Any CPU
		{D316C7ED-D492-44ED-BFFE-506CADB284C3}.Debug|Any CPU.Build.0 = Debug|Any CPU
		{D316C7ED-D492-44ED-BFFE-506CADB284C3}.Release|Any CPU.ActiveCfg = Release|Any CPU
		{D316C7ED-D492-44ED-BFFE-506CADB284C3}.Release|Any CPU.Build.0 = Release|Any CPU
		{44069DC0-E67A-4372-B096-1AEBDE84A626}.Debug|Any CPU.ActiveCfg = Debug|Any CPU
		{44069DC0-E67A-4372-B096-1AEBDE84A626}.Debug|Any CPU.Build.0 = Debug|Any CPU
		{44069DC0-E67A-4372-B096-1AEBDE84A626}.Release|Any CPU.ActiveCfg = Release|Any CPU
		{44069DC0-E67A-4372-B096-1AEBDE84A626}.Release|Any CPU.Build.0 = Release|Any CPU
	EndGlobalSection
	GlobalSection(SolutionProperties) = preSolution
		HideSolutionNode = FALSE
	EndGlobalSection
	GlobalSection(ExtensibilityGlobals) = postSolution
		SolutionGuid = {9E0221A9-18C5-4D3D-B119-738487361E38}
	EndGlobalSection
EndGlobal
